<?xml version="1.0" encoding="utf-8"?>
<Project ToolsVersion="4.0" xmlns="http://schemas.microsoft.com/developer/msbuild/2003">
  <ItemGroup>
    <Filter Include="src">
      <UniqueIdentifier>{2d6cc720-dff0-477a-ad9a-4258772927ee}</UniqueIdentifier>
    </Filter>
    <Filter Include="src\util">
      <UniqueIdentifier>{a55f3884-b2a7-4e4e-a55e-9bd7d04aa345}</UniqueIdentifier>
    </Filter>
    <Filter Include="src\ndb">
      <UniqueIdentifier>{5b17082b-bb76-4ade-ab07-0a18f142682b}</UniqueIdentifier>
    </Filter>
    <Filter Include="src\user">
      <UniqueIdentifier>{dafcc970-6d58-4b54-a09e-f73b58960680}</UniqueIdentifier>
    </Filter>
    <Filter Include="src\notusing">
      <UniqueIdentifier>{1d2b6e0e-d8ad-4749-8dd7-18751267c8fc}</UniqueIdentifier>
    </Filter>
    <Filter Include="src\doc">
      <UniqueIdentifier>{50ec6952-7692-46f9-aefd-da0bec1d923c}</UniqueIdentifier>
    </Filter>
  </ItemGroup>
  <ItemGroup>
    <ClInclude Include="src\compat.hpp">
      <Filter>src</Filter>
    </ClInclude>
    <ClInclude Include="src\const.hpp">
      <Filter>src</Filter>
    </ClInclude>
    <ClInclude Include="src\stdafx.hpp">
      <Filter>src</Filter>
    </ClInclude>
    <ClInclude Include="src\ndb\CNdb.hpp">
      <Filter>src\ndb</Filter>
    </ClInclude>
    <ClInclude Include="src\ndb\CNdbClusterConnection.hpp">
      <Filter>src\ndb</Filter>
    </ClInclude>
    <ClInclude Include="src\ndb\CNdbInit.hpp">
      <Filter>src\ndb</Filter>
    </ClInclude>
    <ClInclude Include="src\ndb\CNdbRecordSpec.hpp">
      <Filter>src\ndb</Filter>
    </ClInclude>
    <ClInclude Include="src\ndb\CNdbThreadContext.hpp">
      <Filter>src\ndb</Filter>
    </ClInclude>
    <ClInclude Include="src\ndb\CNdbThreadContextImpl.hpp">
      <Filter>src\ndb</Filter>
    </ClInclude>
    <ClInclude Include="src\ndb\CNdbThreadManager.hpp">
      <Filter>src\ndb</Filter>
    </ClInclude>
    <ClInclude Include="src\ndb\CNdbThreadState.hpp">
      <Filter>src\ndb</Filter>
    </ClInclude>
    <ClInclude Include="src\ndb\CNdbThreadWorker.hpp">
      <Filter>src\ndb</Filter>
    </ClInclude>
    <ClInclude Include="src\ndb\CNdbTransaction.hpp">
      <Filter>src\ndb</Filter>
    </ClInclude>
    <ClInclude Include="src\user\CUserRecord.hpp">
      <Filter>src\user</Filter>
    </ClInclude>
    <ClInclude Include="src\user\CUserRecordPool.hpp">
      <Filter>src\user</Filter>
    </ClInclude>
    <ClInclude Include="src\user\CUserThreadContextImpl.hpp">
      <Filter>src\user</Filter>
    </ClInclude>
    <ClInclude Include="src\user\CUserThreadContextImplBuilder.hpp">
      <Filter>src\user</Filter>
    </ClInclude>
    <ClInclude Include="src\util\CLog.hpp">
      <Filter>src\util</Filter>
    </ClInclude>
    <ClInclude Include="src\util\CMysqlConfig.hpp">
      <Filter>src\util</Filter>
    </ClInclude>
    <ClInclude Include="src\util\CPopen.hpp">
      <Filter>src\util</Filter>
    </ClInclude>
  </ItemGroup>
  <ItemGroup>
    <ClCompile Include="src\main.cpp">
      <Filter>src</Filter>
    </ClCompile>
    <ClCompile Include="src\stdafx.cpp">
      <Filter>src</Filter>
    </ClCompile>
    <ClCompile Include="src\ndb\CNdb.cpp">
      <Filter>src\ndb</Filter>
    </ClCompile>
    <ClCompile Include="src\ndb\CNdbClusterConnection.cpp">
      <Filter>src\ndb</Filter>
    </ClCompile>
    <ClCompile Include="src\ndb\CNdbInit.cpp">
      <Filter>src\ndb</Filter>
    </ClCompile>
    <ClCompile Include="src\ndb\CNdbThreadContext.cpp">
      <Filter>src\ndb</Filter>
    </ClCompile>
    <ClCompile Include="src\ndb\CNdbThreadManager.cpp">
      <Filter>src\ndb</Filter>
    </ClCompile>
    <ClCompile Include="src\ndb\CNdbThreadState.cpp">
      <Filter>src\ndb</Filter>
    </ClCompile>
    <ClCompile Include="src\ndb\CNdbThreadWorker.cpp">
      <Filter>src\ndb</Filter>
    </ClCompile>
    <ClCompile Include="src\ndb\CNdbTransaction.cpp">
      <Filter>src\ndb</Filter>
    </ClCompile>
    <ClCompile Include="src\user\CUserRecord.cpp">
      <Filter>src\user</Filter>
    </ClCompile>
    <ClCompile Include="src\user\CUserRecordPool.cpp">
      <Filter>src\user</Filter>
    </ClCompile>
    <ClCompile Include="src\user\CUserThreadContextImpl.cpp">
      <Filter>src\user</Filter>
    </ClCompile>
    <ClCompile Include="src\user\CUserThreadContextImplBuilder.cpp">
      <Filter>src\user</Filter>
    </ClCompile>
    <ClCompile Include="src\util\CLog.cpp">
      <Filter>src\util</Filter>
    </ClCompile>
    <ClCompile Include="src\util\CMysqlConfig.cpp">
      <Filter>src\util</Filter>
    </ClCompile>
    <ClCompile Include="src\util\CPopen.cpp">
      <Filter>src\util</Filter>
    </ClCompile>
    <ClCompile Include="src\notusing\flexAsynch.cpp">
      <Filter>src\notusing</Filter>
    </ClCompile>
  </ItemGroup>
  <ItemGroup>
    <None Include="Makefile" />
    <None Include="src\ndb\CNdbRecordSpec.inl">
      <Filter>src\ndb</Filter>
    </None>
  </ItemGroup>
  <ItemGroup>
    <Text Include="src\doc\ToDo.txt">
      <Filter>src\doc</Filter>
    </Text>
    <Text Include="src\doc\NdbClassHierarchy.txt">
      <Filter>src\doc</Filter>
    </Text>
    <Text Include="src\doc\코드 가이드.txt">
      <Filter>src\doc</Filter>
    </Text>
  </ItemGroup>
</Project>